Microsoft Visual Studio Solution File, Format Version 12.00
# Visual Studio Version 17
VisualStudioVersion = 17.5.2.0
MinimumVisualStudioVersion = 10.0.40219.1
Project("{FAE04EC0-301F-11D3-BF4B-00C04F79EFBC}") = "MarkMaster", "MarkMaster.csproj", "{4084423D-CBBD-9421-7101-6BB2B4630B71}"
EndProject
Global
	GlobalSection(SolutionConfigurationPlatforms) = preSolution
		Debug|Any CPU = Debug|Any CPU
		Release|Any CPU = Release|Any CPU
	EndGlobalSection
	GlobalSection(ProjectConfigurationPlatforms) = postSolution
		{4084423D-CBBD-9421-7101-6BB2B4630B71}.Debug|Any CPU.ActiveCfg = Debug|Any CPU
		{4084423D-CBBD-9421-7101-6BB2B4630B71}.Debug|Any CPU.Build.0 = Debug|Any CPU
		{4084423D-CBBD-9421-7101-6BB2B4630B71}.Release|Any CPU.ActiveCfg = Release|Any CPU
		{4084423D-CBBD-9421-7101-6BB2B4630B71}.Release|Any CPU.Build.0 = Release|Any CPU
	EndGlobalSection
	GlobalSection(SolutionProperties) = preSolution
		HideSolutionNode = FALSE
	EndGlobalSection
	GlobalSection(ExtensibilityGlobals) = postSolution
		SolutionGuid = {A30975F9-B704-4F46-86B2-1740E575F911}
	EndGlobalSection
EndGlobal
